# generated by rye
# use `rye lock` or `rye sync` to update this lockfile
#
# last locked with the following flags:
#   pre: false
#   features: []
#   all-features: false
#   with-sources: false
#   generate-hashes: false

-e file:.
aiohappyeyeballs==2.4.3
    # via aiohttp
aiohttp==3.10.9
    # via moonraker-api
    # via pulsecontrol
aiosignal==1.3.1
    # via aiohttp
arrow==1.3.0
    # via pulsecontrol
async-timeout==4.0.3
    # via moonraker-api
attrs==24.2.0
    # via aiohttp
av==13.1.0
    # via picamera2
bandit==1.7.10
beautifulsoup4==4.12.3
    # via bs4
blinker==1.8.2
    # via flask
bs4==0.0.2
    # via pulsecontrol
certifi==2024.8.30
    # via requests
cfgv==3.4.0
    # via pre-commit
charset-normalizer==3.4.0
    # via requests
chipshouter==1.1.0
    # via pulsecontrol
chipwhisperer==5.7.0
    # via pulsecontrol
click==8.1.7
    # via flask
colorzero==2.0
    # via gpiozero
configobj==5.0.9
    # via chipwhisperer
contourpy==1.3.0
    # via matplotlib
cycler==0.12.1
    # via matplotlib
cython==3.0.11
    # via chipwhisperer
dacite==1.8.1
    # via pulsecontrol
decorator==5.1.1
    # via retry
distlib==0.3.8
    # via virtualenv
ecpy==1.2.5
    # via chipwhisperer
fastdtw==0.3.4
    # via chipwhisperer
filelock==3.16.1
    # via virtualenv
flask==3.0.3
    # via pulsecontrol
fonttools==4.54.1
    # via matplotlib
frozenlist==1.4.1
    # via aiohttp
    # via aiosignal
gpiozero==2.0.1
    # via pulsecontrol
gunicorn==23.0.0
    # via pulsecontrol
identify==2.6.1
    # via pre-commit
idna==3.10
    # via requests
    # via yarl
iniconfig==2.0.0
    # via pytest
itsdangerous==2.2.0
    # via flask
jinja2==3.1.4
    # via flask
kiwisolver==1.4.7
    # via matplotlib
libusb1==3.1.0
    # via chipwhisperer
markdown-it-py==3.0.0
    # via rich
markupsafe==3.0.1
    # via jinja2
    # via werkzeug
matplotlib==3.9.2
    # via seaborn
mdurl==0.1.2
    # via markdown-it-py
moonraker-api==2.0.6
    # via pulsecontrol
more-itertools==10.5.0
    # via pulsecontrol
multidict==6.1.0
    # via aiohttp
    # via yarl
nodeenv==1.9.1
    # via pre-commit
numpy==2.1.2
    # via chipwhisperer
    # via contourpy
    # via fastdtw
    # via matplotlib
    # via opencv-contrib-python
    # via pandas
    # via picamera2
    # via pidng
    # via pulsecontrol
    # via scipy
    # via seaborn
    # via simplejpeg
opencv-contrib-python==4.10.0.84
    # via pulsecontrol
packaging==24.1
    # via gunicorn
    # via matplotlib
    # via pytest
pandas==2.2.3
    # via seaborn
pbr==6.1.0
    # via stevedore
picamera2==0.3.21
    # via pulsecontrol
pidng==4.0.9
    # via picamera2
piexif==1.1.3
    # via picamera2
pillow==10.4.0
    # via matplotlib
    # via picamera2
platformdirs==4.3.6
    # via virtualenv
pluggy==1.5.0
    # via pytest
pre-commit==4.0.1
propcache==0.2.0
    # via yarl
py==1.11.0
    # via retry
pygments==2.18.0
    # via rich
pyparsing==3.1.4
    # via matplotlib
pyserial==3.5
    # via chipshouter
    # via chipwhisperer
    # via pulsecontrol
pytest==8.3.3
    # via pytest-mock
pytest-mock==3.14.0
python-dateutil==2.9.0.post0
    # via arrow
    # via matplotlib
    # via pandas
python-prctl==1.8.1
    # via picamera2
pytz==2024.2
    # via pandas
pyyaml==6.0.2
    # via bandit
    # via pre-commit
requests==2.32.3
    # via pulsecontrol
    # via requests-mock
requests-mock==1.12.1
retry==0.9.2
    # via pulsecontrol
rich==13.9.2
    # via bandit
ruff==0.6.9
scipy==1.14.1
seaborn==0.13.2
setuptools==75.1.0
    # via colorzero
simplejpeg==1.7.6
    # via picamera2
six==1.16.0
    # via python-dateutil
soupsieve==2.6
    # via beautifulsoup4
stevedore==5.3.0
    # via bandit
tqdm==4.66.5
    # via chipshouter
    # via chipwhisperer
    # via pulsecontrol
types-python-dateutil==2.9.0.20241003
    # via arrow
tzdata==2024.2
    # via pandas
urllib3==2.2.3
    # via requests
v4l2-python3==0.3.5
    # via picamera2
virtualenv==20.26.6
    # via pre-commit
werkzeug==3.0.4
    # via flask
yarl==1.14.0
    # via aiohttp
